
Microsoft Visual Studio Solution File, Format Version 12.00
# Visual Studio 15
VisualStudioVersion = 15.0.26124.0
MinimumVisualStudioVersion = 15.0.26124.0
Project("{FAE04EC0-301F-11D3-BF4B-00C04F79EFBC}") = "Exercise8", "Exercise8\Exercise8.csproj", "{C4F0BE3E-F117-455C-BAD0-D110FD07E989}"
EndProject
Project("{FAE04EC0-301F-11D3-BF4B-00C04F79EFBC}") = "Exercise8.Test", "Exercise8.Test\Exercise8.Test.csproj", "{3CC9D58E-A3A8-4466-B104-EA3482090890}"
EndProject
Global
	GlobalSection(SolutionConfigurationPlatforms) = preSolution
		Debug|Any CPU = Debug|Any CPU
		Debug|x64 = Debug|x64
		Debug|x86 = Debug|x86
		Release|Any CPU = Release|Any CPU
		Release|x64 = Release|x64
		Release|x86 = Release|x86
	EndGlobalSection
	GlobalSection(SolutionProperties) = preSolution
		HideSolutionNode = FALSE
	EndGlobalSection
	GlobalSection(ProjectConfigurationPlatforms) = postSolution
		{C4F0BE3E-F117-455C-BAD0-D110FD07E989}.Debug|Any CPU.ActiveCfg = Debug|Any CPU
		{C4F0BE3E-F117-455C-BAD0-D110FD07E989}.Debug|Any CPU.Build.0 = Debug|Any CPU
		{C4F0BE3E-F117-455C-BAD0-D110FD07E989}.Debug|x64.ActiveCfg = Debug|Any CPU
		{C4F0BE3E-F117-455C-BAD0-D110FD07E989}.Debug|x64.Build.0 = Debug|Any CPU
		{C4F0BE3E-F117-455C-BAD0-D110FD07E989}.Debug|x86.ActiveCfg = Debug|Any CPU
		{C4F0BE3E-F117-455C-BAD0-D110FD07E989}.Debug|x86.Build.0 = Debug|Any CPU
		{C4F0BE3E-F117-455C-BAD0-D110FD07E989}.Release|Any CPU.ActiveCfg = Release|Any CPU
		{C4F0BE3E-F117-455C-BAD0-D110FD07E989}.Release|Any CPU.Build.0 = Release|Any CPU
		{C4F0BE3E-F117-455C-BAD0-D110FD07E989}.Release|x64.ActiveCfg = Release|Any CPU
		{C4F0BE3E-F117-455C-BAD0-D110FD07E989}.Release|x64.Build.0 = Release|Any CPU
		{C4F0BE3E-F117-455C-BAD0-D110FD07E989}.Release|x86.ActiveCfg = Release|Any CPU
		{C4F0BE3E-F117-455C-BAD0-D110FD07E989}.Release|x86.Build.0 = Release|Any CPU
		{3CC9D58E-A3A8-4466-B104-EA3482090890}.Debug|Any CPU.ActiveCfg = Debug|Any CPU
		{3CC9D58E-A3A8-4466-B104-EA3482090890}.Debug|Any CPU.Build.0 = Debug|Any CPU
		{3CC9D58E-A3A8-4466-B104-EA3482090890}.Debug|x64.ActiveCfg = Debug|Any CPU
		{3CC9D58E-A3A8-4466-B104-EA3482090890}.Debug|x64.Build.0 = Debug|Any CPU
		{3CC9D58E-A3A8-4466-B104-EA3482090890}.Debug|x86.ActiveCfg = Debug|Any CPU
		{3CC9D58E-A3A8-4466-B104-EA3482090890}.Debug|x86.Build.0 = Debug|Any CPU
		{3CC9D58E-A3A8-4466-B104-EA3482090890}.Release|Any CPU.ActiveCfg = Release|Any CPU
		{3CC9D58E-A3A8-4466-B104-EA3482090890}.Release|Any CPU.Build.0 = Release|Any CPU
		{3CC9D58E-A3A8-4466-B104-EA3482090890}.Release|x64.ActiveCfg = Release|Any CPU
		{3CC9D58E-A3A8-4466-B104-EA3482090890}.Release|x64.Build.0 = Release|Any CPU
		{3CC9D58E-A3A8-4466-B104-EA3482090890}.Release|x86.ActiveCfg = Release|Any CPU
		{3CC9D58E-A3A8-4466-B104-EA3482090890}.Release|x86.Build.0 = Release|Any CPU
	EndGlobalSection
EndGlobal
